{
  "name": "fetchling",
  "version": "1.0.0-alpha",
  "lockfileVersion": 1,
  "requires": true,
  "dependencies": {
    "acorn": {
      "version": "5.3.0",
      "resolved": "https://registry.npmjs.org/acorn/-/acorn-5.3.0.tgz",
      "integrity": "sha512-Yej+zOJ1Dm/IMZzzj78OntP/r3zHEaKcyNoU2lAaxPtrseM6rF0xwqoz5Q5ysAiED9hTjI2hgtvLXitlCN1/Ug==",
      "dev": true
    },
    "acorn-async-iteration": {
      "version": "0.2.1",
      "resolved": "https://registry.npmjs.org/acorn-async-iteration/-/acorn-async-iteration-0.2.1.tgz",
      "integrity": "sha1-k7YYG+Q3K4c0xvuLzi24ZdPNsd4=",
      "dev": true,
      "requires": {
        "acorn": "5.3.0"
      }
    },
    "builtin-modules": {
      "version": "1.1.1",
      "resolved": "https://registry.npmjs.org/builtin-modules/-/builtin-modules-1.1.1.tgz",
      "integrity": "sha1-Jw8HbFpywC9bZaR9+Uxf46J4iS8=",
      "dev": true
    },
    "is-module": {
      "version": "1.0.0",
      "resolved": "https://registry.npmjs.org/is-module/-/is-module-1.0.0.tgz",
      "integrity": "sha1-Mlj7afeMFNW4FdZkM2tM/7ZEFZE=",
      "dev": true
    },
    "path-parse": {
      "version": "1.0.5",
      "resolved": "https://registry.npmjs.org/path-parse/-/path-parse-1.0.5.tgz",
      "integrity": "sha1-PBrfhx6pzWyUMbbqK9dKD/BVxME=",
      "dev": true
    },
    "resolve": {
      "version": "1.5.0",
      "resolved": "https://registry.npmjs.org/resolve/-/resolve-1.5.0.tgz",
      "integrity": "sha512-hgoSGrc3pjzAPHNBg+KnFcK2HwlHTs/YrAGUr6qgTVUZmXv1UEXXl0bZNBKMA9fud6lRYFdPGz0xXxycPzmmiw==",
      "dev": true,
      "requires": {
        "path-parse": "1.0.5"
      }
    },
    "rollup": {
      "version": "0.55.1",
      "resolved": "https://registry.npmjs.org/rollup/-/rollup-0.55.1.tgz",
      "integrity": "sha512-lV8lBkpA1PXsshgu8zy51QrGPvWDIhZjcShEyMKk/Riobz4xwutSb0TjAtRyS6wtnn5LNVmCL7KIj4pirOhEdw==",
      "dev": true
    },
    "rollup-plugin-node-resolve": {
      "version": "3.0.2",
      "resolved": "https://registry.npmjs.org/rollup-plugin-node-resolve/-/rollup-plugin-node-resolve-3.0.2.tgz",
      "integrity": "sha512-ZwmMip/yqw6cmDQJuCQJ1G7gw2z11iGUtQNFYrFZHmqadRHU+OZGC3nOXwXu+UTvcm5lzDspB1EYWrkTgPWybw==",
      "dev": true,
      "requires": {
        "builtin-modules": "1.1.1",
        "is-module": "1.0.0",
        "resolve": "1.5.0"
      }
    }
  }
}
